
Microsoft Visual Studio Solution File, Format Version 12.00
# Visual Studio Version 17
VisualStudioVersion = 17.7.34024.191
MinimumVisualStudioVersion = 10.0.40219.1
Project("{FAE04EC0-301F-11D3-BF4B-00C04F79EFBC}") = "MongoDB_Lesson_Example", "MongoDB_Lesson_Example\MongoDB_Lesson_Example.csproj", "{91F12068-B687-4BB1-852F-087AF56624D8}"
EndProject
Global
	GlobalSection(SolutionConfigurationPlatforms) = preSolution
		Debug|Any CPU = Debug|Any CPU
		Release|Any CPU = Release|Any CPU
	EndGlobalSection
	GlobalSection(ProjectConfigurationPlatforms) = postSolution
		{91F12068-B687-4BB1-852F-087AF56624D8}.Debug|Any CPU.ActiveCfg = Debug|Any CPU
		{91F12068-B687-4BB1-852F-087AF56624D8}.Debug|Any CPU.Build.0 = Debug|Any CPU
		{91F12068-B687-4BB1-852F-087AF56624D8}.Release|Any CPU.ActiveCfg = Release|Any CPU
		{91F12068-B687-4BB1-852F-087AF56624D8}.Release|Any CPU.Build.0 = Release|Any CPU
	EndGlobalSection
	GlobalSection(SolutionProperties) = preSolution
		HideSolutionNode = FALSE
	EndGlobalSection
	GlobalSection(ExtensibilityGlobals) = postSolution
		SolutionGuid = {39EF305F-3065-48CF-9A02-00A2D0734E8A}
	EndGlobalSection
EndGlobal
